
Microsoft Visual Studio Solution File, Format Version 12.00
# Visual Studio Version 17
VisualStudioVersion = 17.12.35527.113 d17.12
MinimumVisualStudioVersion = 10.0.40219.1
Project("{FAE04EC0-301F-11D3-BF4B-00C04F79EFBC}") = "werkcollege 05-06", "werkcollege 05-06\werkcollege 05-06.csproj", "{71CC4C79-0D93-4FB5-B269-2E858717129A}"
EndProject
Project("{FAE04EC0-301F-11D3-BF4B-00C04F79EFBC}") = "2whileLus OefnA", "2whileLus OefnA\2whileLus OefnA.csproj", "{53F410B6-DCD2-4A5E-8699-77711F86AF6D}"
EndProject
Global
	GlobalSection(SolutionConfigurationPlatforms) = preSolution
		Debug|Any CPU = Debug|Any CPU
		Release|Any CPU = Release|Any CPU
	EndGlobalSection
	GlobalSection(ProjectConfigurationPlatforms) = postSolution
		{71CC4C79-0D93-4FB5-B269-2E858717129A}.Debug|Any CPU.ActiveCfg = Debug|Any CPU
		{71CC4C79-0D93-4FB5-B269-2E858717129A}.Debug|Any CPU.Build.0 = Debug|Any CPU
		{71CC4C79-0D93-4FB5-B269-2E858717129A}.Release|Any CPU.ActiveCfg = Release|Any CPU
		{71CC4C79-0D93-4FB5-B269-2E858717129A}.Release|Any CPU.Build.0 = Release|Any CPU
		{53F410B6-DCD2-4A5E-8699-77711F86AF6D}.Debug|Any CPU.ActiveCfg = Debug|Any CPU
		{53F410B6-DCD2-4A5E-8699-77711F86AF6D}.Debug|Any CPU.Build.0 = Debug|Any CPU
		{53F410B6-DCD2-4A5E-8699-77711F86AF6D}.Release|Any CPU.ActiveCfg = Release|Any CPU
		{53F410B6-DCD2-4A5E-8699-77711F86AF6D}.Release|Any CPU.Build.0 = Release|Any CPU
	EndGlobalSection
	GlobalSection(SolutionProperties) = preSolution
		HideSolutionNode = FALSE
	EndGlobalSection
EndGlobal
